
Microsoft Visual Studio Solution File, Format Version 12.00
# Visual Studio Version 16
VisualStudioVersion = 16.0.30320.27
MinimumVisualStudioVersion = 10.0.40219.1
Project("{FAE04EC0-301F-11D3-BF4B-00C04F79EFBC}") = "rumahsakit", "rumahsakit\rumahsakit.csproj", "{603B5DC5-FB4A-49F7-BC7D-B5E9368BB38E}"
EndProject
Global
	GlobalSection(SolutionConfigurationPlatforms) = preSolution
		Debug|Any CPU = Debug|Any CPU
		Release|Any CPU = Release|Any CPU
	EndGlobalSection
	GlobalSection(ProjectConfigurationPlatforms) = postSolution
		{603B5DC5-FB4A-49F7-BC7D-B5E9368BB38E}.Debug|Any CPU.ActiveCfg = Debug|Any CPU
		{603B5DC5-FB4A-49F7-BC7D-B5E9368BB38E}.Debug|Any CPU.Build.0 = Debug|Any CPU
		{603B5DC5-FB4A-49F7-BC7D-B5E9368BB38E}.Release|Any CPU.ActiveCfg = Release|Any CPU
		{603B5DC5-FB4A-49F7-BC7D-B5E9368BB38E}.Release|Any CPU.Build.0 = Release|Any CPU
	EndGlobalSection
	GlobalSection(SolutionProperties) = preSolution
		HideSolutionNode = FALSE
	EndGlobalSection
	GlobalSection(ExtensibilityGlobals) = postSolution
		SolutionGuid = {B72A8EF5-07F2-4DD7-88A1-0C7835DFD51C}
	EndGlobalSection
EndGlobal
